
Microsoft Visual Studio Solution File, Format Version 12.00
# Visual Studio Version 17
VisualStudioVersion = 17.4.33122.133
MinimumVisualStudioVersion = 10.0.40219.1
Project("{FAE04EC0-301F-11D3-BF4B-00C04F79EFBC}") = "Week13SQLiteDB", "Week13SQLiteDB\Week13SQLiteDB.csproj", "{EAFC7D5C-81E2-4F90-B1AD-05FC57E5897D}"
EndProject
Global
	GlobalSection(SolutionConfigurationPlatforms) = preSolution
		Debug|Any CPU = Debug|Any CPU
		Release|Any CPU = Release|Any CPU
	EndGlobalSection
	GlobalSection(ProjectConfigurationPlatforms) = postSolution
		{EAFC7D5C-81E2-4F90-B1AD-05FC57E5897D}.Debug|Any CPU.ActiveCfg = Debug|Any CPU
		{EAFC7D5C-81E2-4F90-B1AD-05FC57E5897D}.Debug|Any CPU.Build.0 = Debug|Any CPU
		{EAFC7D5C-81E2-4F90-B1AD-05FC57E5897D}.Release|Any CPU.ActiveCfg = Release|Any CPU
		{EAFC7D5C-81E2-4F90-B1AD-05FC57E5897D}.Release|Any CPU.Build.0 = Release|Any CPU
	EndGlobalSection
	GlobalSection(SolutionProperties) = preSolution
		HideSolutionNode = FALSE
	EndGlobalSection
	GlobalSection(ExtensibilityGlobals) = postSolution
		SolutionGuid = {95780BD9-3438-4EB9-8949-0790D144431B}
	EndGlobalSection
EndGlobal
